
Microsoft Visual Studio Solution File, Format Version 12.00
# Visual Studio Version 16
VisualStudioVersion = 16.0.31424.327
MinimumVisualStudioVersion = 10.0.40219.1
Project("{9A19103F-16F7-4668-BE54-9A1E7A4F7556}") = "AppartmentApp.Web", "AppartmentApp.Web\AppartmentApp.Web.csproj", "{C2137471-255C-41A4-9320-EB41C4DA24C6}"
EndProject
Project("{FAE04EC0-301F-11D3-BF4B-00C04F79EFBC}") = "AppartmentApp.Business", "AppartmentApp.Business\AppartmentApp.Business.csproj", "{110CDC96-E0AC-420B-B735-FE8F44D69097}"
EndProject
Project("{FAE04EC0-301F-11D3-BF4B-00C04F79EFBC}") = "AppartmentApp.DataAccess", "AppartmentApp.DataAccess\AppartmentApp.DataAccess.csproj", "{D596654A-B744-4D84-91AE-C667F8BAB8EE}"
EndProject
Project("{FAE04EC0-301F-11D3-BF4B-00C04F79EFBC}") = "AppartmentApp.ViewModels", "AppartmentApp.ViewModels\AppartmentApp.ViewModels.csproj", "{BA888735-D614-4409-AF9D-642F3D38DF3F}"
EndProject
Global
	GlobalSection(SolutionConfigurationPlatforms) = preSolution
		Debug|Any CPU = Debug|Any CPU
		Release|Any CPU = Release|Any CPU
	EndGlobalSection
	GlobalSection(ProjectConfigurationPlatforms) = postSolution
		{C2137471-255C-41A4-9320-EB41C4DA24C6}.Debug|Any CPU.ActiveCfg = Debug|Any CPU
		{C2137471-255C-41A4-9320-EB41C4DA24C6}.Debug|Any CPU.Build.0 = Debug|Any CPU
		{C2137471-255C-41A4-9320-EB41C4DA24C6}.Release|Any CPU.ActiveCfg = Release|Any CPU
		{C2137471-255C-41A4-9320-EB41C4DA24C6}.Release|Any CPU.Build.0 = Release|Any CPU
		{110CDC96-E0AC-420B-B735-FE8F44D69097}.Debug|Any CPU.ActiveCfg = Debug|Any CPU
		{110CDC96-E0AC-420B-B735-FE8F44D69097}.Debug|Any CPU.Build.0 = Debug|Any CPU
		{110CDC96-E0AC-420B-B735-FE8F44D69097}.Release|Any CPU.ActiveCfg = Release|Any CPU
		{110CDC96-E0AC-420B-B735-FE8F44D69097}.Release|Any CPU.Build.0 = Release|Any CPU
		{D596654A-B744-4D84-91AE-C667F8BAB8EE}.Debug|Any CPU.ActiveCfg = Debug|Any CPU
		{D596654A-B744-4D84-91AE-C667F8BAB8EE}.Debug|Any CPU.Build.0 = Debug|Any CPU
		{D596654A-B744-4D84-91AE-C667F8BAB8EE}.Release|Any CPU.ActiveCfg = Release|Any CPU
		{D596654A-B744-4D84-91AE-C667F8BAB8EE}.Release|Any CPU.Build.0 = Release|Any CPU
		{BA888735-D614-4409-AF9D-642F3D38DF3F}.Debug|Any CPU.ActiveCfg = Debug|Any CPU
		{BA888735-D614-4409-AF9D-642F3D38DF3F}.Debug|Any CPU.Build.0 = Debug|Any CPU
		{BA888735-D614-4409-AF9D-642F3D38DF3F}.Release|Any CPU.ActiveCfg = Release|Any CPU
		{BA888735-D614-4409-AF9D-642F3D38DF3F}.Release|Any CPU.Build.0 = Release|Any CPU
	EndGlobalSection
	GlobalSection(SolutionProperties) = preSolution
		HideSolutionNode = FALSE
	EndGlobalSection
	GlobalSection(ExtensibilityGlobals) = postSolution
		SolutionGuid = {52BDFCAF-2446-45B5-BA06-96FAADCFFE59}
	EndGlobalSection
EndGlobal
